// !$*UTF8*$!
{
	archiveVersion = 1;
	classes = {
	};
	objectVersion = 50;
	objects = {

/* Begin PBXBuildFile section */
		14193F07228CFA4600AF9634 /* Convertor.swift in Sources */ = {isa = PBXBuildFile; fileRef = 14193F06228CFA4600AF9634 /* Convertor.swift */; };
		14193F09228D131D00AF9634 /* 세종대 로고.png in Resources */ = {isa = PBXBuildFile; fileRef = 14193F08228D131D00AF9634 /* 세종대 로고.png */; };
		14193F0B228D146E00AF9634 /* 세종대로고.jpg in Resources */ = {isa = PBXBuildFile; fileRef = 14193F0A228D146E00AF9634 /* 세종대로고.jpg */; };
		14250FD6228A6F38009B7879 /* RSAWrapper.swift in Sources */ = {isa = PBXBuildFile; fileRef = 14250FD5228A6F38009B7879 /* RSAWrapper.swift */; };
		1425EA1622815DB200D6DDF4 /* ServerConnection.swift in Sources */ = {isa = PBXBuildFile; fileRef = 1425EA1522815DB200D6DDF4 /* ServerConnection.swift */; };
		142CE5AE2265C6D0008268E0 /* AppDelegate.swift in Sources */ = {isa = PBXBuildFile; fileRef = 142CE5AD2265C6D0008268E0 /* AppDelegate.swift */; };
		142CE5B02265C6D0008268E0 /* ViewController.swift in Sources */ = {isa = PBXBuildFile; fileRef = 142CE5AF2265C6D0008268E0 /* ViewController.swift */; };
		142CE5B32265C6D0008268E0 /* Main.storyboard in Resources */ = {isa = PBXBuildFile; fileRef = 142CE5B12265C6D0008268E0 /* Main.storyboard */; };
		142CE5B52265C6D1008268E0 /* Assets.xcassets in Resources */ = {isa = PBXBuildFile; fileRef = 142CE5B42265C6D1008268E0 /* Assets.xcassets */; };
		142CE5B82265C6D1008268E0 /* LaunchScreen.storyboard in Resources */ = {isa = PBXBuildFile; fileRef = 142CE5B62265C6D1008268E0 /* LaunchScreen.storyboard */; };
		142CE5CA2265C6EB008268E0 /* 로그인배경.png in Resources */ = {isa = PBXBuildFile; fileRef = 142CE5C02265C6EB008268E0 /* 로그인배경.png */; };
		142CE5CB2265C6EB008268E0 /* 아이디배경.png in Resources */ = {isa = PBXBuildFile; fileRef = 142CE5C12265C6EB008268E0 /* 아이디배경.png */; };
		142CE5CC2265C6EB008268E0 /* 정보배경.png in Resources */ = {isa = PBXBuildFile; fileRef = 142CE5C22265C6EB008268E0 /* 정보배경.png */; };
		142CE5CD2265C6EB008268E0 /* 배경.png in Resources */ = {isa = PBXBuildFile; fileRef = 142CE5C32265C6EB008268E0 /* 배경.png */; };
		142CE5CE2265C6EB008268E0 /* 비밀번호배경.png in Resources */ = {isa = PBXBuildFile; fileRef = 142CE5C42265C6EB008268E0 /* 비밀번호배경.png */; };
		142CE5CF2265C6EB008268E0 /* 맨위.png in Resources */ = {isa = PBXBuildFile; fileRef = 142CE5C52265C6EB008268E0 /* 맨위.png */; };
		142CE5D02265C6EB008268E0 /* 자동로그인off.png in Resources */ = {isa = PBXBuildFile; fileRef = 142CE5C62265C6EB008268E0 /* 자동로그인off.png */; };
		142CE5D12265C6EB008268E0 /* 맨밑.png in Resources */ = {isa = PBXBuildFile; fileRef = 142CE5C72265C6EB008268E0 /* 맨밑.png */; };
		142CE5D22265C6EB008268E0 /* 로그인.png in Resources */ = {isa = PBXBuildFile; fileRef = 142CE5C82265C6EB008268E0 /* 로그인.png */; };
		142CE5D32265C6EB008268E0 /* 자동로그인on.png in Resources */ = {isa = PBXBuildFile; fileRef = 142CE5C92265C6EB008268E0 /* 자동로그인on.png */; };
		142CE5D52265C6F9008268E0 /* LogOnViewController.swift in Sources */ = {isa = PBXBuildFile; fileRef = 142CE5D42265C6F9008268E0 /* LogOnViewController.swift */; };
		14584DE6228863FE0042E354 /* 사람.jpeg in Resources */ = {isa = PBXBuildFile; fileRef = 14584DE5228863FE0042E354 /* 사람.jpeg */; };
		A72E7C60A093B8D11BA531B1 /* Pods_Lounge.framework in Frameworks */ = {isa = PBXBuildFile; fileRef = C324EAE51DA3280F47B48ECF /* Pods_Lounge.framework */; };
/* End PBXBuildFile section */

/* Begin PBXFileReference section */
		14193F06228CFA4600AF9634 /* Convertor.swift */ = {isa = PBXFileReference; lastKnownFileType = sourcecode.swift; path = Convertor.swift; sourceTree = "<group>"; };
		14193F08228D131D00AF9634 /* 세종대 로고.png */ = {isa = PBXFileReference; lastKnownFileType = image.png; path = "세종대 로고.png"; sourceTree = "<group>"; };
		14193F0A228D146E00AF9634 /* 세종대로고.jpg */ = {isa = PBXFileReference; lastKnownFileType = image.jpeg; path = "세종대로고.jpg"; sourceTree = "<group>"; };
		14250FD5228A6F38009B7879 /* RSAWrapper.swift */ = {isa = PBXFileReference; lastKnownFileType = sourcecode.swift; path = RSAWrapper.swift; sourceTree = "<group>"; };
		1425EA1522815DB200D6DDF4 /* ServerConnection.swift */ = {isa = PBXFileReference; lastKnownFileType = sourcecode.swift; path = ServerConnection.swift; sourceTree = "<group>"; };
		142CE5AA2265C6D0008268E0 /* Lounge.app */ = {isa = PBXFileReference; explicitFileType = wrapper.application; includeInIndex = 0; path = Lounge.app; sourceTree = BUILT_PRODUCTS_DIR; };
		142CE5AD2265C6D0008268E0 /* AppDelegate.swift */ = {isa = PBXFileReference; lastKnownFileType = sourcecode.swift; path = AppDelegate.swift; sourceTree = "<group>"; };
		142CE5AF2265C6D0008268E0 /* ViewController.swift */ = {isa = PBXFileReference; lastKnownFileType = sourcecode.swift; path = ViewController.swift; sourceTree = "<group>"; };
		142CE5B22265C6D0008268E0 /* Base */ = {isa = PBXFileReference; lastKnownFileType = file.storyboard; name = Base; path = Base.lproj/Main.storyboard; sourceTree = "<group>"; };
		142CE5B42265C6D1008268E0 /* Assets.xcassets */ = {isa = PBXFileReference; lastKnownFileType = folder.assetcatalog; path = Assets.xcassets; sourceTree = "<group>"; };
		142CE5B72265C6D1008268E0 /* Base */ = {isa = PBXFileReference; lastKnownFileType = file.storyboard; name = Base; path = Base.lproj/LaunchScreen.storyboard; sourceTree = "<group>"; };
		142CE5B92265C6D1008268E0 /* Info.plist */ = {isa = PBXFileReference; lastKnownFileType = text.plist.xml; path = Info.plist; sourceTree = "<group>"; };
		142CE5C02265C6EB008268E0 /* 로그인배경.png */ = {isa = PBXFileReference; lastKnownFileType = image.png; path = "로그인배경.png"; sourceTree = "<group>"; };
		142CE5C12265C6EB008268E0 /* 아이디배경.png */ = {isa = PBXFileReference; lastKnownFileType = image.png; path = "아이디배경.png"; sourceTree = "<group>"; };
		142CE5C22265C6EB008268E0 /* 정보배경.png */ = {isa = PBXFileReference; lastKnownFileType = image.png; path = "정보배경.png"; sourceTree = "<group>"; };
		142CE5C32265C6EB008268E0 /* 배경.png */ = {isa = PBXFileReference; lastKnownFileType = image.png; path = "배경.png"; sourceTree = "<group>"; };
		142CE5C42265C6EB008268E0 /* 비밀번호배경.png */ = {isa = PBXFileReference; lastKnownFileType = image.png; path = "비밀번호배경.png"; sourceTree = "<group>"; };
		142CE5C52265C6EB008268E0 /* 맨위.png */ = {isa = PBXFileReference; lastKnownFileType = image.png; path = "맨위.png"; sourceTree = "<group>"; };
		142CE5C62265C6EB008268E0 /* 자동로그인off.png */ = {isa = PBXFileReference; lastKnownFileType = image.png; path = "자동로그인off.png"; sourceTree = "<group>"; };
		142CE5C72265C6EB008268E0 /* 맨밑.png */ = {isa = PBXFileReference; lastKnownFileType = image.png; path = "맨밑.png"; sourceTree = "<group>"; };
		142CE5C82265C6EB008268E0 /* 로그인.png */ = {isa = PBXFileReference; lastKnownFileType = image.png; path = "로그인.png"; sourceTree = "<group>"; };
		142CE5C92265C6EB008268E0 /* 자동로그인on.png */ = {isa = PBXFileReference; lastKnownFileType = image.png; path = "자동로그인on.png"; sourceTree = "<group>"; };
		142CE5D42265C6F9008268E0 /* LogOnViewController.swift */ = {isa = PBXFileReference; lastKnownFileType = sourcecode.swift; path = LogOnViewController.swift; sourceTree = "<group>"; };
		14584DE5228863FE0042E354 /* 사람.jpeg */ = {isa = PBXFileReference; lastKnownFileType = image.jpeg; path = "사람.jpeg"; sourceTree = "<group>"; };
		472D9F5B20D46DB4B41BF6D6 /* Pods-Lounge.debug.xcconfig */ = {isa = PBXFileReference; includeInIndex = 1; lastKnownFileType = text.xcconfig; name = "Pods-Lounge.debug.xcconfig"; path = "Target Support Files/Pods-Lounge/Pods-Lounge.debug.xcconfig"; sourceTree = "<group>"; };
		C324EAE51DA3280F47B48ECF /* Pods_Lounge.framework */ = {isa = PBXFileReference; explicitFileType = wrapper.framework; includeInIndex = 0; path = Pods_Lounge.framework; sourceTree = BUILT_PRODUCTS_DIR; };
		EC2C627E2D79163CF3B4F974 /* Pods-Lounge.release.xcconfig */ = {isa = PBXFileReference; includeInIndex = 1; lastKnownFileType = text.xcconfig; name = "Pods-Lounge.release.xcconfig"; path = "Target Support Files/Pods-Lounge/Pods-Lounge.release.xcconfig"; sourceTree = "<group>"; };
/* End PBXFileReference section */

/* Begin PBXFrameworksBuildPhase section */
		142CE5A72265C6D0008268E0 /* Frameworks */ = {
			isa = PBXFrameworksBuildPhase;
			buildActionMask = 2147483647;
			files = (
				A72E7C60A093B8D11BA531B1 /* Pods_Lounge.framework in Frameworks */,
			);
			runOnlyForDeploymentPostprocessing = 0;
		};
/* End PBXFrameworksBuildPhase section */

/* Begin PBXGroup section */
		142CE5A12265C6D0008268E0 = {
			isa = PBXGroup;
			children = (
				142CE5AC2265C6D0008268E0 /* Lounge */,
				142CE5AB2265C6D0008268E0 /* Products */,
				33CF0B1E0391CE9DAD731D82 /* Pods */,
				EB04F660EDD324E04162E03B /* Frameworks */,
			);
			sourceTree = "<group>";
		};
		142CE5AB2265C6D0008268E0 /* Products */ = {
			isa = PBXGroup;
			children = (
				142CE5AA2265C6D0008268E0 /* Lounge.app */,
			);
			name = Products;
			sourceTree = "<group>";
		};
		142CE5AC2265C6D0008268E0 /* Lounge */ = {
			isa = PBXGroup;
			children = (
				142CE5BF2265C6DE008268E0 /* images */,
				142CE5AD2265C6D0008268E0 /* AppDelegate.swift */,
				14193F06228CFA4600AF9634 /* Convertor.swift */,
				1425EA1522815DB200D6DDF4 /* ServerConnection.swift */,
				14250FD5228A6F38009B7879 /* RSAWrapper.swift */,
				142CE5D42265C6F9008268E0 /* LogOnViewController.swift */,
				142CE5AF2265C6D0008268E0 /* ViewController.swift */,
				142CE5B12265C6D0008268E0 /* Main.storyboard */,
				142CE5B42265C6D1008268E0 /* Assets.xcassets */,
				142CE5B62265C6D1008268E0 /* LaunchScreen.storyboard */,
				142CE5B92265C6D1008268E0 /* Info.plist */,
			);
			path = Lounge;
			sourceTree = "<group>";
		};
		142CE5BF2265C6DE008268E0 /* images */ = {
			isa = PBXGroup;
			children = (
				142CE5C82265C6EB008268E0 /* 로그인.png */,
				142CE5C02265C6EB008268E0 /* 로그인배경.png */,
				142CE5C72265C6EB008268E0 /* 맨밑.png */,
				14584DE5228863FE0042E354 /* 사람.jpeg */,
				142CE5C52265C6EB008268E0 /* 맨위.png */,
				14193F08228D131D00AF9634 /* 세종대 로고.png */,
				14193F0A228D146E00AF9634 /* 세종대로고.jpg */,
				142CE5C32265C6EB008268E0 /* 배경.png */,
				142CE5C42265C6EB008268E0 /* 비밀번호배경.png */,
				142CE5C12265C6EB008268E0 /* 아이디배경.png */,
				142CE5C62265C6EB008268E0 /* 자동로그인off.png */,
				142CE5C92265C6EB008268E0 /* 자동로그인on.png */,
				142CE5C22265C6EB008268E0 /* 정보배경.png */,
			);
			path = images;
			sourceTree = "<group>";
		};
		33CF0B1E0391CE9DAD731D82 /* Pods */ = {
			isa = PBXGroup;
			children = (
				472D9F5B20D46DB4B41BF6D6 /* Pods-Lounge.debug.xcconfig */,
				EC2C627E2D79163CF3B4F974 /* Pods-Lounge.release.xcconfig */,
			);
			path = Pods;
			sourceTree = "<group>";
		};
		EB04F660EDD324E04162E03B /* Frameworks */ = {
			isa = PBXGroup;
			children = (
				C324EAE51DA3280F47B48ECF /* Pods_Lounge.framework */,
			);
			name = Frameworks;
			sourceTree = "<group>";
		};
/* End PBXGroup section */

/* Begin PBXNativeTarget section */
		142CE5A92265C6D0008268E0 /* Lounge */ = {
			isa = PBXNativeTarget;
			buildConfigurationList = 142CE5BC2265C6D1008268E0 /* Build configuration list for PBXNativeTarget "Lounge" */;
			buildPhases = (
				E8A1FF220CDE261257F7B532 /* [CP] Check Pods Manifest.lock */,
				142CE5A62265C6D0008268E0 /* Sources */,
				142CE5A72265C6D0008268E0 /* Frameworks */,
				142CE5A82265C6D0008268E0 /* Resources */,
				3CB982EC7190B2ABDFE71C64 /* [CP] Embed Pods Frameworks */,
			);
			buildRules = (
			);
			dependencies = (
			);
			name = Lounge;
			productName = Lounge;
			productReference = 142CE5AA2265C6D0008268E0 /* Lounge.app */;
			productType = "com.apple.product-type.application";
		};
/* End PBXNativeTarget section */

/* Begin PBXProject section */
		142CE5A22265C6D0008268E0 /* Project object */ = {
			isa = PBXProject;
			attributes = {
				LastSwiftUpdateCheck = 1020;
				LastUpgradeCheck = 1020;
				ORGANIZATIONNAME = An;
				TargetAttributes = {
					142CE5A92265C6D0008268E0 = {
						CreatedOnToolsVersion = 10.2;
					};
				};
			};
			buildConfigurationList = 142CE5A52265C6D0008268E0 /* Build configuration list for PBXProject "Lounge" */;
			compatibilityVersion = "Xcode 9.3";
			developmentRegion = en;
			hasScannedForEncodings = 0;
			knownRegions = (
				en,
				Base,
			);
			mainGroup = 142CE5A12265C6D0008268E0;
			productRefGroup = 142CE5AB2265C6D0008268E0 /* Products */;
			projectDirPath = "";
			projectRoot = "";
			targets = (
				142CE5A92265C6D0008268E0 /* Lounge */,
			);
		};
/* End PBXProject section */

/* Begin PBXResourcesBuildPhase section */
		142CE5A82265C6D0008268E0 /* Resources */ = {
			isa = PBXResourcesBuildPhase;
			buildActionMask = 2147483647;
			files = (
				142CE5CC2265C6EB008268E0 /* 정보배경.png in Resources */,
				142CE5B82265C6D1008268E0 /* LaunchScreen.storyboard in Resources */,
				142CE5D32265C6EB008268E0 /* 자동로그인on.png in Resources */,
				14584DE6228863FE0042E354 /* 사람.jpeg in Resources */,
				142CE5CE2265C6EB008268E0 /* 비밀번호배경.png in Resources */,
				14193F09228D131D00AF9634 /* 세종대 로고.png in Resources */,
				142CE5CD2265C6EB008268E0 /* 배경.png in Resources */,
				142CE5D12265C6EB008268E0 /* 맨밑.png in Resources */,
				142CE5B52265C6D1008268E0 /* Assets.xcassets in Resources */,
				142CE5D22265C6EB008268E0 /* 로그인.png in Resources */,
				14193F0B228D146E00AF9634 /* 세종대로고.jpg in Resources */,
				142CE5CB2265C6EB008268E0 /* 아이디배경.png in Resources */,
				142CE5D02265C6EB008268E0 /* 자동로그인off.png in Resources */,
				142CE5B32265C6D0008268E0 /* Main.storyboard in Resources */,
				142CE5CF2265C6EB008268E0 /* 맨위.png in Resources */,
				142CE5CA2265C6EB008268E0 /* 로그인배경.png in Resources */,
			);
			runOnlyForDeploymentPostprocessing = 0;
		};
/* End PBXResourcesBuildPhase section */

/* Begin PBXShellScriptBuildPhase section */
		3CB982EC7190B2ABDFE71C64 /* [CP] Embed Pods Frameworks */ = {
			isa = PBXShellScriptBuildPhase;
			buildActionMask = 2147483647;
			files = (
			);
			inputFileListPaths = (
			);
			inputPaths = (
				"${PODS_ROOT}/Target Support Files/Pods-Lounge/Pods-Lounge-frameworks.sh",
				"${BUILT_PRODUCTS_DIR}/SwiftSocket/SwiftSocket.framework",
			);
			name = "[CP] Embed Pods Frameworks";
			outputFileListPaths = (
			);
			outputPaths = (
				"${TARGET_BUILD_DIR}/${FRAMEWORKS_FOLDER_PATH}/SwiftSocket.framework",
			);
			runOnlyForDeploymentPostprocessing = 0;
			shellPath = /bin/sh;
			shellScript = "\"${PODS_ROOT}/Target Support Files/Pods-Lounge/Pods-Lounge-frameworks.sh\"\n";
			showEnvVarsInLog = 0;
		};
		E8A1FF220CDE261257F7B532 /* [CP] Check Pods Manifest.lock */ = {
			isa = PBXShellScriptBuildPhase;
			buildActionMask = 2147483647;
			files = (
			);
			inputFileListPaths = (
			);
			inputPaths = (
				"${PODS_PODFILE_DIR_PATH}/Podfile.lock",
				"${PODS_ROOT}/Manifest.lock",
			);
			name = "[CP] Check Pods Manifest.lock";
			outputFileListPaths = (
			);
			outputPaths = (
				"$(DERIVED_FILE_DIR)/Pods-Lounge-checkManifestLockResult.txt",
			);
			runOnlyForDeploymentPostprocessing = 0;
			shellPath = /bin/sh;
			shellScript = "diff \"${PODS_PODFILE_DIR_PATH}/Podfile.lock\" \"${PODS_ROOT}/Manifest.lock\" > /dev/null\nif [ $? != 0 ] ; then\n    # print error to STDERR\n    echo \"error: The sandbox is not in sync with the Podfile.lock. Run 'pod install' or update your CocoaPods installation.\" >&2\n    exit 1\nfi\n# This output is used by Xcode 'outputs' to avoid re-running this script phase.\necho \"SUCCESS\" > \"${SCRIPT_OUTPUT_FILE_0}\"\n";
			showEnvVarsInLog = 0;
		};
/* End PBXShellScriptBuildPhase section */

/* Begin PBXSourcesBuildPhase section */
		142CE5A62265C6D0008268E0 /* Sources */ = {
			isa = PBXSourcesBuildPhase;
			buildActionMask = 2147483647;
			files = (
				14250FD6228A6F38009B7879 /* RSAWrapper.swift in Sources */,
				1425EA1622815DB200D6DDF4 /* ServerConnection.swift in Sources */,
				14193F07228CFA4600AF9634 /* Convertor.swift in Sources */,
				142CE5B02265C6D0008268E0 /* ViewController.swift in Sources */,
				142CE5AE2265C6D0008268E0 /* AppDelegate.swift in Sources */,
				142CE5D52265C6F9008268E0 /* LogOnViewController.swift in Sources */,
			);
			runOnlyForDeploymentPostprocessing = 0;
		};
/* End PBXSourcesBuildPhase section */

/* Begin PBXVariantGroup section */
		142CE5B12265C6D0008268E0 /* Main.storyboard */ = {
			isa = PBXVariantGroup;
			children = (
				142CE5B22265C6D0008268E0 /* Base */,
			);
			name = Main.storyboard;
			sourceTree = "<group>";
		};
		142CE5B62265C6D1008268E0 /* LaunchScreen.storyboard */ = {
			isa = PBXVariantGroup;
			children = (
				142CE5B72265C6D1008268E0 /* Base */,
			);
			name = LaunchScreen.storyboard;
			sourceTree = "<group>";
		};
/* End PBXVariantGroup section */

/* Begin XCBuildConfiguration section */
		142CE5BA2265C6D1008268E0 /* Debug */ = {
			isa = XCBuildConfiguration;
			buildSettings = {
				ALWAYS_SEARCH_USER_PATHS = NO;
				CLANG_ANALYZER_NONNULL = YES;
				CLANG_ANALYZER_NUMBER_OBJECT_CONVERSION = YES_AGGRESSIVE;
				CLANG_CXX_LANGUAGE_STANDARD = "gnu++14";
				CLANG_CXX_LIBRARY = "libc++";
				CLANG_ENABLE_MODULES = YES;
				CLANG_ENABLE_OBJC_ARC = YES;
				CLANG_ENABLE_OBJC_WEAK = YES;
				CLANG_WARN_BLOCK_CAPTURE_AUTORELEASING = YES;
				CLANG_WARN_BOOL_CONVERSION = YES;
				CLANG_WARN_COMMA = YES;
				CLANG_WARN_CONSTANT_CONVERSION = YES;
				CLANG_WARN_DEPRECATED_OBJC_IMPLEMENTATIONS = YES;
				CLANG_WARN_DIRECT_OBJC_ISA_USAGE = YES_ERROR;
				CLANG_WARN_DOCUMENTATION_COMMENTS = YES;
				CLANG_WARN_EMPTY_BODY = YES;
				CLANG_WARN_ENUM_CONVERSION = YES;
				CLANG_WARN_INFINITE_RECURSION = YES;
				CLANG_WARN_INT_CONVERSION = YES;
				CLANG_WARN_NON_LITERAL_NULL_CONVERSION = YES;
				CLANG_WARN_OBJC_IMPLICIT_RETAIN_SELF = YES;
				CLANG_WARN_OBJC_LITERAL_CONVERSION = YES;
				CLANG_WARN_OBJC_ROOT_CLASS = YES_ERROR;
				CLANG_WARN_RANGE_LOOP_ANALYSIS = YES;
				CLANG_WARN_STRICT_PROTOTYPES = YES;
				CLANG_WARN_SUSPICIOUS_MOVE = YES;
				CLANG_WARN_UNGUARDED_AVAILABILITY = YES_AGGRESSIVE;
				CLANG_WARN_UNREACHABLE_CODE = YES;
				CLANG_WARN__DUPLICATE_METHOD_MATCH = YES;
				CODE_SIGN_IDENTITY = "iPhone Developer";
				COPY_PHASE_STRIP = NO;
				DEBUG_INFORMATION_FORMAT = dwarf;
				ENABLE_STRICT_OBJC_MSGSEND = YES;
				ENABLE_TESTABILITY = YES;
				GCC_C_LANGUAGE_STANDARD = gnu11;
				GCC_DYNAMIC_NO_PIC = NO;
				GCC_NO_COMMON_BLOCKS = YES;
				GCC_OPTIMIZATION_LEVEL = 0;
				GCC_PREPROCESSOR_DEFINITIONS = (
					"DEBUG=1",
					"$(inherited)",
				);
				GCC_WARN_64_TO_32_BIT_CONVERSION = YES;
				GCC_WARN_ABOUT_RETURN_TYPE = YES_ERROR;
				GCC_WARN_UNDECLARED_SELECTOR = YES;
				GCC_WARN_UNINITIALIZED_AUTOS = YES_AGGRESSIVE;
				GCC_WARN_UNUSED_FUNCTION = YES;
				GCC_WARN_UNUSED_VARIABLE = YES;
				IPHONEOS_DEPLOYMENT_TARGET = 12.2;
				MTL_ENABLE_DEBUG_INFO = INCLUDE_SOURCE;
				MTL_FAST_MATH = YES;
				ONLY_ACTIVE_ARCH = YES;
				SDKROOT = iphoneos;
				SWIFT_ACTIVE_COMPILATION_CONDITIONS = DEBUG;
				SWIFT_OPTIMIZATION_LEVEL = "-Onone";
			};
			name = Debug;
		};
		142CE5BB2265C6D1008268E0 /* Release */ = {
			isa = XCBuildConfiguration;
			buildSettings = {
				ALWAYS_SEARCH_USER_PATHS = NO;
				CLANG_ANALYZER_NONNULL = YES;
				CLANG_ANALYZER_NUMBER_OBJECT_CONVERSION = YES_AGGRESSIVE;
				CLANG_CXX_LANGUAGE_STANDARD = "gnu++14";
				CLANG_CXX_LIBRARY = "libc++";
				CLANG_ENABLE_MODULES = YES;
				CLANG_ENABLE_OBJC_ARC = YES;
				CLANG_ENABLE_OBJC_WEAK = YES;
				CLANG_WARN_BLOCK_CAPTURE_AUTORELEASING = YES;
				CLANG_WARN_BOOL_CONVERSION = YES;
				CLANG_WARN_COMMA = YES;
				CLANG_WARN_CONSTANT_CONVERSION = YES;
				CLANG_WARN_DEPRECATED_OBJC_IMPLEMENTATIONS = YES;
				CLANG_WARN_DIRECT_OBJC_ISA_USAGE = YES_ERROR;
				CLANG_WARN_DOCUMENTATION_COMMENTS = YES;
				CLANG_WARN_EMPTY_BODY = YES;
				CLANG_WARN_ENUM_CONVERSION = YES;
				CLANG_WARN_INFINITE_RECURSION = YES;
				CLANG_WARN_INT_CONVERSION = YES;
				CLANG_WARN_NON_LITERAL_NULL_CONVERSION = YES;
				CLANG_WARN_OBJC_IMPLICIT_RETAIN_SELF = YES;
				CLANG_WARN_OBJC_LITERAL_CONVERSION = YES;
				CLANG_WARN_OBJC_ROOT_CLASS = YES_ERROR;
				CLANG_WARN_RANGE_LOOP_ANALYSIS = YES;
				CLANG_WARN_STRICT_PROTOTYPES = YES;
				CLANG_WARN_SUSPICIOUS_MOVE = YES;
				CLANG_WARN_UNGUARDED_AVAILABILITY = YES_AGGRESSIVE;
				CLANG_WARN_UNREACHABLE_CODE = YES;
				CLANG_WARN__DUPLICATE_METHOD_MATCH = YES;
				CODE_SIGN_IDENTITY = "iPhone Developer";
				COPY_PHASE_STRIP = NO;
				DEBUG_INFORMATION_FORMAT = "dwarf-with-dsym";
				ENABLE_NS_ASSERTIONS = NO;
				ENABLE_STRICT_OBJC_MSGSEND = YES;
				GCC_C_LANGUAGE_STANDARD = gnu11;
				GCC_NO_COMMON_BLOCKS = YES;
				GCC_WARN_64_TO_32_BIT_CONVERSION = YES;
				GCC_WARN_ABOUT_RETURN_TYPE = YES_ERROR;
				GCC_WARN_UNDECLARED_SELECTOR = YES;
				GCC_WARN_UNINITIALIZED_AUTOS = YES_AGGRESSIVE;
				GCC_WARN_UNUSED_FUNCTION = YES;
				GCC_WARN_UNUSED_VARIABLE = YES;
				IPHONEOS_DEPLOYMENT_TARGET = 12.2;
				MTL_ENABLE_DEBUG_INFO = NO;
				MTL_FAST_MATH = YES;
				SDKROOT = iphoneos;
				SWIFT_COMPILATION_MODE = wholemodule;
				SWIFT_OPTIMIZATION_LEVEL = "-O";
				VALIDATE_PRODUCT = YES;
			};
			name = Release;
		};
		142CE5BD2265C6D1008268E0 /* Debug */ = {
			isa = XCBuildConfiguration;
			baseConfigurationReference = 472D9F5B20D46DB4B41BF6D6 /* Pods-Lounge.debug.xcconfig */;
			buildSettings = {
				ASSETCATALOG_COMPILER_APPICON_NAME = AppIcon;
				CODE_SIGN_STYLE = Automatic;
				DEVELOPMENT_TEAM = TF2K4K54J3;
				INFOPLIST_FILE = Lounge/Info.plist;
				LD_RUNPATH_SEARCH_PATHS = (
					"$(inherited)",
					"@executable_path/Frameworks",
				);
				PRODUCT_BUNDLE_IDENTIFIER = lounge.Lounge12;
				PRODUCT_NAME = "$(TARGET_NAME)";
				SWIFT_VERSION = 5.0;
				TARGETED_DEVICE_FAMILY = "1,2";
			};
			name = Debug;
		};
		142CE5BE2265C6D1008268E0 /* Release */ = {
			isa = XCBuildConfiguration;
			baseConfigurationReference = EC2C627E2D79163CF3B4F974 /* Pods-Lounge.release.xcconfig */;
			buildSettings = {
				ASSETCATALOG_COMPILER_APPICON_NAME = AppIcon;
				CODE_SIGN_STYLE = Automatic;
				DEVELOPMENT_TEAM = TF2K4K54J3;
				INFOPLIST_FILE = Lounge/Info.plist;
				LD_RUNPATH_SEARCH_PATHS = (
					"$(inherited)",
					"@executable_path/Frameworks",
				);
				PRODUCT_BUNDLE_IDENTIFIER = lounge.Lounge12;
				PRODUCT_NAME = "$(TARGET_NAME)";
				SWIFT_VERSION = 5.0;
				TARGETED_DEVICE_FAMILY = "1,2";
			};
			name = Release;
		};
/* End XCBuildConfiguration section */

/* Begin XCConfigurationList section */
		142CE5A52265C6D0008268E0 /* Build configuration list for PBXProject "Lounge" */ = {
			isa = XCConfigurationList;
			buildConfigurations = (
				142CE5BA2265C6D1008268E0 /* Debug */,
				142CE5BB2265C6D1008268E0 /* Release */,
			);
			defaultConfigurationIsVisible = 0;
			defaultConfigurationName = Release;
		};
		142CE5BC2265C6D1008268E0 /* Build configuration list for PBXNativeTarget "Lounge" */ = {
			isa = XCConfigurationList;
			buildConfigurations = (
				142CE5BD2265C6D1008268E0 /* Debug */,
				142CE5BE2265C6D1008268E0 /* Release */,
			);
			defaultConfigurationIsVisible = 0;
			defaultConfigurationName = Release;
		};
/* End XCConfigurationList section */
	};
	rootObject = 142CE5A22265C6D0008268E0 /* Project object */;
}
